
Microsoft Visual Studio Solution File, Format Version 12.00
# Visual Studio Version 16
VisualStudioVersion = 16.0.30204.135
MinimumVisualStudioVersion = 10.0.40219.1
Project("{9A19103F-16F7-4668-BE54-9A1E7A4F7556}") = "LogExCore", "LogExCore\LogExCore.csproj", "{B9D4E800-AD0A-4871-B8B9-6CC34B5BB2B6}"
EndProject
Project("{2150E333-8FDC-42A3-9474-1A3956D46DE8}") = "Solution Items", "Solution Items", "{7F50B4D5-F2A1-4C21-A968-2AE5553AAD62}"
	ProjectSection(SolutionItems) = preProject
		..\README.md = ..\README.md
	EndProjectSection
EndProject
Project("{9A19103F-16F7-4668-BE54-9A1E7A4F7556}") = "LogExCore.Tests", "LogExCore.Tests\LogExCore.Tests.csproj", "{F04B8025-451F-4EF6-9FB8-BBA389D65B0E}"
EndProject
Project("{2150E333-8FDC-42A3-9474-1A3956D46DE8}") = "Samples", "Samples", "{5029A499-F3A7-4716-9DCD-A975F923FE11}"
EndProject
Project("{9A19103F-16F7-4668-BE54-9A1E7A4F7556}") = "LogExCore.Sample.Console", "Samples\LogExCore.Sample.Console\LogExCore.Sample.Console.csproj", "{37D82C89-E548-4597-816C-895CD1263B86}"
EndProject
Project("{9A19103F-16F7-4668-BE54-9A1E7A4F7556}") = "LogExCore.Sample.Web", "Samples\LogExCore.Sample.Web\LogExCore.Sample.Web.csproj", "{802897E9-900C-49AC-AE59-27AF519C139A}"
EndProject
Global
	GlobalSection(SolutionConfigurationPlatforms) = preSolution
		Debug|Any CPU = Debug|Any CPU
		Release|Any CPU = Release|Any CPU
	EndGlobalSection
	GlobalSection(ProjectConfigurationPlatforms) = postSolution
		{B9D4E800-AD0A-4871-B8B9-6CC34B5BB2B6}.Debug|Any CPU.ActiveCfg = Debug|Any CPU
		{B9D4E800-AD0A-4871-B8B9-6CC34B5BB2B6}.Debug|Any CPU.Build.0 = Debug|Any CPU
		{B9D4E800-AD0A-4871-B8B9-6CC34B5BB2B6}.Release|Any CPU.ActiveCfg = Release|Any CPU
		{B9D4E800-AD0A-4871-B8B9-6CC34B5BB2B6}.Release|Any CPU.Build.0 = Release|Any CPU
		{F04B8025-451F-4EF6-9FB8-BBA389D65B0E}.Debug|Any CPU.ActiveCfg = Debug|Any CPU
		{F04B8025-451F-4EF6-9FB8-BBA389D65B0E}.Debug|Any CPU.Build.0 = Debug|Any CPU
		{F04B8025-451F-4EF6-9FB8-BBA389D65B0E}.Release|Any CPU.ActiveCfg = Release|Any CPU
		{F04B8025-451F-4EF6-9FB8-BBA389D65B0E}.Release|Any CPU.Build.0 = Release|Any CPU
		{37D82C89-E548-4597-816C-895CD1263B86}.Debug|Any CPU.ActiveCfg = Debug|Any CPU
		{37D82C89-E548-4597-816C-895CD1263B86}.Debug|Any CPU.Build.0 = Debug|Any CPU
		{37D82C89-E548-4597-816C-895CD1263B86}.Release|Any CPU.ActiveCfg = Release|Any CPU
		{37D82C89-E548-4597-816C-895CD1263B86}.Release|Any CPU.Build.0 = Release|Any CPU
		{802897E9-900C-49AC-AE59-27AF519C139A}.Debug|Any CPU.ActiveCfg = Debug|Any CPU
		{802897E9-900C-49AC-AE59-27AF519C139A}.Debug|Any CPU.Build.0 = Debug|Any CPU
		{802897E9-900C-49AC-AE59-27AF519C139A}.Release|Any CPU.ActiveCfg = Release|Any CPU
		{802897E9-900C-49AC-AE59-27AF519C139A}.Release|Any CPU.Build.0 = Release|Any CPU
	EndGlobalSection
	GlobalSection(SolutionProperties) = preSolution
		HideSolutionNode = FALSE
	EndGlobalSection
	GlobalSection(NestedProjects) = preSolution
		{37D82C89-E548-4597-816C-895CD1263B86} = {5029A499-F3A7-4716-9DCD-A975F923FE11}
		{802897E9-900C-49AC-AE59-27AF519C139A} = {5029A499-F3A7-4716-9DCD-A975F923FE11}
	EndGlobalSection
	GlobalSection(ExtensibilityGlobals) = postSolution
		SolutionGuid = {CC53C890-36E2-4C7B-8743-7067F9B79A96}
	EndGlobalSection
EndGlobal
